// !$*UTF8*$!
{
	archiveVersion = 1;
	classes = {
	};
	objectVersion = 46;
	objects = {

/* Begin PBXBuildFile section */
		3205ADD2180CD2BC000987F3 /* PlaceAnnotation.m in Sources */ = {isa = PBXBuildFile; fileRef = 3205ADD1180CD2BC000987F3 /* PlaceAnnotation.m */; };
		3205ADD4180CD726000987F3 /* CoreLocation.framework in Frameworks */ = {isa = PBXBuildFile; fileRef = 3205ADD3180CD726000987F3 /* CoreLocation.framework */; };
		3205ADD6180CD733000987F3 /* QuartzCore.framework in Frameworks */ = {isa = PBXBuildFile; fileRef = 3205ADD5180CD733000987F3 /* QuartzCore.framework */; };
		3205ADD8180CD739000987F3 /* OpenGLES.framework in Frameworks */ = {isa = PBXBuildFile; fileRef = 3205ADD7180CD739000987F3 /* OpenGLES.framework */; };
		3205ADDA180CD745000987F3 /* SystemConfiguration.framework in Frameworks */ = {isa = PBXBuildFile; fileRef = 3205ADD9180CD745000987F3 /* SystemConfiguration.framework */; };
		32A584CF180F8DB6005C41B5 /* libbaidumapapi.a in Frameworks */ = {isa = PBXBuildFile; fileRef = 32A584A5180F8DB6005C41B5 /* libbaidumapapi.a */; };
		32A584D0180F8DB6005C41B5 /* libbaidumapapi.a in Frameworks */ = {isa = PBXBuildFile; fileRef = 32A584CD180F8DB6005C41B5 /* libbaidumapapi.a */; };
		32A584D1180F8DB6005C41B5 /* mapapi.bundle in Resources */ = {isa = PBXBuildFile; fileRef = 32A584CE180F8DB6005C41B5 /* mapapi.bundle */; };
		32A584D4180F938B005C41B5 /* EventsViewController.m in Sources */ = {isa = PBXBuildFile; fileRef = 32A584D2180F938B005C41B5 /* EventsViewController.m */; };
		32DEF1071808DDB1005A9D83 /* Foundation.framework in Frameworks */ = {isa = PBXBuildFile; fileRef = 32DEF1061808DDB1005A9D83 /* Foundation.framework */; };
		32DEF1091808DDB1005A9D83 /* CoreGraphics.framework in Frameworks */ = {isa = PBXBuildFile; fileRef = 32DEF1081808DDB1005A9D83 /* CoreGraphics.framework */; };
		32DEF10B1808DDB1005A9D83 /* UIKit.framework in Frameworks */ = {isa = PBXBuildFile; fileRef = 32DEF10A1808DDB1005A9D83 /* UIKit.framework */; };
		32DEF1111808DDB1005A9D83 /* InfoPlist.strings in Resources */ = {isa = PBXBuildFile; fileRef = 32DEF10F1808DDB1005A9D83 /* InfoPlist.strings */; };
		32DEF1131808DDB1005A9D83 /* main.m in Sources */ = {isa = PBXBuildFile; fileRef = 32DEF1121808DDB1005A9D83 /* main.m */; };
		32DEF1171808DDB1005A9D83 /* AppDelegate.m in Sources */ = {isa = PBXBuildFile; fileRef = 32DEF1161808DDB1005A9D83 /* AppDelegate.m */; };
		32DEF1201808DDB1005A9D83 /* FirstViewController.m in Sources */ = {isa = PBXBuildFile; fileRef = 32DEF11F1808DDB1005A9D83 /* FirstViewController.m */; };
		32DEF1231808DDB1005A9D83 /* SecondViewController.m in Sources */ = {isa = PBXBuildFile; fileRef = 32DEF1221808DDB1005A9D83 /* SecondViewController.m */; };
		32DEF1251808DDB1005A9D83 /* Images.xcassets in Resources */ = {isa = PBXBuildFile; fileRef = 32DEF1241808DDB1005A9D83 /* Images.xcassets */; };
		32DEF12C1808DDB1005A9D83 /* XCTest.framework in Frameworks */ = {isa = PBXBuildFile; fileRef = 32DEF12B1808DDB1005A9D83 /* XCTest.framework */; };
		32DEF12D1808DDB1005A9D83 /* Foundation.framework in Frameworks */ = {isa = PBXBuildFile; fileRef = 32DEF1061808DDB1005A9D83 /* Foundation.framework */; };
		32DEF12E1808DDB1005A9D83 /* UIKit.framework in Frameworks */ = {isa = PBXBuildFile; fileRef = 32DEF10A1808DDB1005A9D83 /* UIKit.framework */; };
		32DEF1361808DDB1005A9D83 /* InfoPlist.strings in Resources */ = {isa = PBXBuildFile; fileRef = 32DEF1341808DDB1005A9D83 /* InfoPlist.strings */; };
		32DEF1381808DDB1005A9D83 /* MapDotsTests.m in Sources */ = {isa = PBXBuildFile; fileRef = 32DEF1371808DDB1005A9D83 /* MapDotsTests.m */; };
		32DEF1431808DF5B005A9D83 /* HomeViewController.m in Sources */ = {isa = PBXBuildFile; fileRef = 32DEF1411808DF5B005A9D83 /* HomeViewController.m */; };
		32DEF1451808E117005A9D83 /* 导航.png in Resources */ = {isa = PBXBuildFile; fileRef = 32DEF1441808E117005A9D83 /* 导航.png */; };
		32DEF1471808E1A2005A9D83 /* 导航_select.png in Resources */ = {isa = PBXBuildFile; fileRef = 32DEF1461808E1A2005A9D83 /* 导航_select.png */; };
		32DEF14C1808E8B5005A9D83 /* 话题_select.png in Resources */ = {isa = PBXBuildFile; fileRef = 32DEF1481808E8B5005A9D83 /* 话题_select.png */; };
		32DEF14D1808E8B5005A9D83 /* 我_select.png in Resources */ = {isa = PBXBuildFile; fileRef = 32DEF1491808E8B5005A9D83 /* 我_select.png */; };
		32DEF14E1808E8B5005A9D83 /* 追踪_select.png in Resources */ = {isa = PBXBuildFile; fileRef = 32DEF14A1808E8B5005A9D83 /* 追踪_select.png */; };
		32DEF14F1808E8B5005A9D83 /* 首页_select.png in Resources */ = {isa = PBXBuildFile; fileRef = 32DEF14B1808E8B5005A9D83 /* 首页_select.png */; };
		32DEF1531808E964005A9D83 /* bg1.png in Resources */ = {isa = PBXBuildFile; fileRef = 32DEF1501808E964005A9D83 /* bg1.png */; };
		32DEF1541808E964005A9D83 /* 分割线.png in Resources */ = {isa = PBXBuildFile; fileRef = 32DEF1511808E964005A9D83 /* 分割线.png */; };
		32DEF1551808E964005A9D83 /* 日历.png in Resources */ = {isa = PBXBuildFile; fileRef = 32DEF1521808E964005A9D83 /* 日历.png */; };
		32DEF1571808F825005A9D83 /* 头像.png in Resources */ = {isa = PBXBuildFile; fileRef = 32DEF1561808F825005A9D83 /* 头像.png */; };
		32DEF1591808FC55005A9D83 /* 导航条标记.png in Resources */ = {isa = PBXBuildFile; fileRef = 32DEF1581808FC55005A9D83 /* 导航条标记.png */; };
		32DEF15B18090D3D005A9D83 /* Todo.strings in Resources */ = {isa = PBXBuildFile; fileRef = 32DEF15A18090D3D005A9D83 /* Todo.strings */; };
		32DEF15E180923A1005A9D83 /* button_left_press.png in Resources */ = {isa = PBXBuildFile; fileRef = 32DEF15C180923A1005A9D83 /* button_left_press.png */; };
		32DEF15F180923A1005A9D83 /* button_left_nor.png in Resources */ = {isa = PBXBuildFile; fileRef = 32DEF15D180923A1005A9D83 /* button_left_nor.png */; };
		32DEF1621809240B005A9D83 /* 框_话题.png in Resources */ = {isa = PBXBuildFile; fileRef = 32DEF1601809240B005A9D83 /* 框_话题.png */; };
		32DEF1631809240B005A9D83 /* 话题标记点.png in Resources */ = {isa = PBXBuildFile; fileRef = 32DEF1611809240B005A9D83 /* 话题标记点.png */; };
		32DEF16718092511005A9D83 /* 跳转符.png in Resources */ = {isa = PBXBuildFile; fileRef = 32DEF16418092511005A9D83 /* 跳转符.png */; };
		32DEF16818092511005A9D83 /* 框_设置.png in Resources */ = {isa = PBXBuildFile; fileRef = 32DEF16518092511005A9D83 /* 框_设置.png */; };
		32DEF16918092511005A9D83 /* 设置.png in Resources */ = {isa = PBXBuildFile; fileRef = 32DEF16618092511005A9D83 /* 设置.png */; };
		32DEF16C18092F6B005A9D83 /* button_right_nor.png in Resources */ = {isa = PBXBuildFile; fileRef = 32DEF16A18092F6B005A9D83 /* button_right_nor.png */; };
		32DEF16D18092F6B005A9D83 /* 追踪.png in Resources */ = {isa = PBXBuildFile; fileRef = 32DEF16B18092F6B005A9D83 /* 追踪.png */; };
		32DEF17018094846005A9D83 /* 追踪_.png in Resources */ = {isa = PBXBuildFile; fileRef = 32DEF16E18094846005A9D83 /* 追踪_.png */; };
		32DEF17118094846005A9D83 /* 导航_.png in Resources */ = {isa = PBXBuildFile; fileRef = 32DEF16F18094846005A9D83 /* 导航_.png */; };
		32DEF17C18094ED4005A9D83 /* PreferencesViewController.m in Sources */ = {isa = PBXBuildFile; fileRef = 32DEF17218094ED4005A9D83 /* PreferencesViewController.m */; };
		32DEF17D18094ED4005A9D83 /* EditStatusViewController.m in Sources */ = {isa = PBXBuildFile; fileRef = 32DEF17318094ED4005A9D83 /* EditStatusViewController.m */; };
		32DEF17E18094ED4005A9D83 /* EditSexViewController.m in Sources */ = {isa = PBXBuildFile; fileRef = 32DEF17518094ED4005A9D83 /* EditSexViewController.m */; };
		32DEF17F18094ED4005A9D83 /* EditNameViewController.m in Sources */ = {isa = PBXBuildFile; fileRef = 32DEF17618094ED4005A9D83 /* EditNameViewController.m */; };
		32DEF18018094ED4005A9D83 /* EditPreferencesViewController.m in Sources */ = {isa = PBXBuildFile; fileRef = 32DEF17918094ED4005A9D83 /* EditPreferencesViewController.m */; };
		32DEF18318094F5D005A9D83 /* UserProperty.m in Sources */ = {isa = PBXBuildFile; fileRef = 32DEF18118094F5D005A9D83 /* UserProperty.m */; };
		32DEF18618094F92005A9D83 /* AboutViewController.m in Sources */ = {isa = PBXBuildFile; fileRef = 32DEF18418094F92005A9D83 /* AboutViewController.m */; };
		32F6F5D91810CAE300E34342 /* Security.framework in Frameworks */ = {isa = PBXBuildFile; fileRef = 32F6F5D81810CAE300E34342 /* Security.framework */; };
/* End PBXBuildFile section */

/* Begin PBXContainerItemProxy section */
		32DEF12F1808DDB1005A9D83 /* PBXContainerItemProxy */ = {
			isa = PBXContainerItemProxy;
			containerPortal = 32DEF0FB1808DDB1005A9D83 /* Project object */;
			proxyType = 1;
			remoteGlobalIDString = 32DEF1021808DDB1005A9D83;
			remoteInfo = MapDots;
		};
/* End PBXContainerItemProxy section */

/* Begin PBXFileReference section */
		3205ADD0180CD2BC000987F3 /* PlaceAnnotation.h */ = {isa = PBXFileReference; fileEncoding = 4; lastKnownFileType = sourcecode.c.h; path = PlaceAnnotation.h; sourceTree = "<group>"; };
		3205ADD1180CD2BC000987F3 /* PlaceAnnotation.m */ = {isa = PBXFileReference; fileEncoding = 4; lastKnownFileType = sourcecode.c.objc; path = PlaceAnnotation.m; sourceTree = "<group>"; };
		3205ADD3180CD726000987F3 /* CoreLocation.framework */ = {isa = PBXFileReference; lastKnownFileType = wrapper.framework; name = CoreLocation.framework; path = System/Library/Frameworks/CoreLocation.framework; sourceTree = SDKROOT; };
		3205ADD5180CD733000987F3 /* QuartzCore.framework */ = {isa = PBXFileReference; lastKnownFileType = wrapper.framework; name = QuartzCore.framework; path = System/Library/Frameworks/QuartzCore.framework; sourceTree = SDKROOT; };
		3205ADD7180CD739000987F3 /* OpenGLES.framework */ = {isa = PBXFileReference; lastKnownFileType = wrapper.framework; name = OpenGLES.framework; path = System/Library/Frameworks/OpenGLES.framework; sourceTree = SDKROOT; };
		3205ADD9180CD745000987F3 /* SystemConfiguration.framework */ = {isa = PBXFileReference; lastKnownFileType = wrapper.framework; name = SystemConfiguration.framework; path = System/Library/Frameworks/SystemConfiguration.framework; sourceTree = SDKROOT; };
		32A58458180F8DB6005C41B5 /* BMapKit.h */ = {isa = PBXFileReference; fileEncoding = 4; lastKnownFileType = sourcecode.c.h; path = BMapKit.h; sourceTree = "<group>"; };
		32A58459180F8DB6005C41B5 /* BMKActionPaopaoView.h */ = {isa = PBXFileReference; fileEncoding = 4; lastKnownFileType = sourcecode.c.h; path = BMKActionPaopaoView.h; sourceTree = "<group>"; };
		32A5845A180F8DB6005C41B5 /* BMKAnnotation.h */ = {isa = PBXFileReference; fileEncoding = 4; lastKnownFileType = sourcecode.c.h; path = BMKAnnotation.h; sourceTree = "<group>"; };
		32A5845B180F8DB6005C41B5 /* BMKAnnotationView.h */ = {isa = PBXFileReference; fileEncoding = 4; lastKnownFileType = sourcecode.c.h; path = BMKAnnotationView.h; sourceTree = "<group>"; };
		32A5845C180F8DB6005C41B5 /* BMKCircle.h */ = {isa = PBXFileReference; fileEncoding = 4; lastKnownFileType = sourcecode.c.h; path = BMKCircle.h; sourceTree = "<group>"; };
		32A5845D180F8DB6005C41B5 /* BMKCircleView.h */ = {isa = PBXFileReference; fileEncoding = 4; lastKnownFileType = sourcecode.c.h; path = BMKCircleView.h; sourceTree = "<group>"; };
		32A5845E180F8DB6005C41B5 /* BMKCloudPOIList.h */ = {isa = PBXFileReference; fileEncoding = 4; lastKnownFileType = sourcecode.c.h; path = BMKCloudPOIList.h; sourceTree = "<group>"; };
		32A5845F180F8DB6005C41B5 /* BMKCloudSearch.h */ = {isa = PBXFileReference; fileEncoding = 4; lastKnownFileType = sourcecode.c.h; path = BMKCloudSearch.h; sourceTree = "<group>"; };
		32A58460180F8DB6005C41B5 /* BMKCloudSearchInfo.h */ = {isa = PBXFileReference; fileEncoding = 4; lastKnownFileType = sourcecode.c.h; path = BMKCloudSearchInfo.h; sourceTree = "<group>"; };
		32A58461180F8DB6005C41B5 /* BMKGeneralDelegate.h */ = {isa = PBXFileReference; fileEncoding = 4; lastKnownFileType = sourcecode.c.h; path = BMKGeneralDelegate.h; sourceTree = "<group>"; };
		32A58462180F8DB6005C41B5 /* BMKGeocodeType.h */ = {isa = PBXFileReference; fileEncoding = 4; lastKnownFileType = sourcecode.c.h; path = BMKGeocodeType.h; sourceTree = "<group>"; };
		32A58463180F8DB6005C41B5 /* BMKGeometry.h */ = {isa = PBXFileReference; fileEncoding = 4; lastKnownFileType = sourcecode.c.h; path = BMKGeometry.h; sourceTree = "<group>"; };
		32A58464180F8DB6005C41B5 /* BMKGroundOverlay.h */ = {isa = PBXFileReference; fileEncoding = 4; lastKnownFileType = sourcecode.c.h; path = BMKGroundOverlay.h; sourceTree = "<group>"; };
		32A58465180F8DB6005C41B5 /* BMKGroundOverlayView.h */ = {isa = PBXFileReference; fileEncoding = 4; lastKnownFileType = sourcecode.c.h; path = BMKGroundOverlayView.h; sourceTree = "<group>"; };
		32A58466180F8DB6005C41B5 /* BMKLocationViewDisplayParam.h */ = {isa = PBXFileReference; fileEncoding = 4; lastKnownFileType = sourcecode.c.h; path = BMKLocationViewDisplayParam.h; sourceTree = "<group>"; };
		32A58467180F8DB6005C41B5 /* BMKMapManager.h */ = {isa = PBXFileReference; fileEncoding = 4; lastKnownFileType = sourcecode.c.h; path = BMKMapManager.h; sourceTree = "<group>"; };
		32A58468180F8DB6005C41B5 /* BMKMapStatus.h */ = {isa = PBXFileReference; fileEncoding = 4; lastKnownFileType = sourcecode.c.h; path = BMKMapStatus.h; sourceTree = "<group>"; };
		32A58469180F8DB6005C41B5 /* BMKMapView.h */ = {isa = PBXFileReference; fileEncoding = 4; lastKnownFileType = sourcecode.c.h; path = BMKMapView.h; sourceTree = "<group>"; };
		32A5846A180F8DB6005C41B5 /* BMKMultiPoint.h */ = {isa = PBXFileReference; fileEncoding = 4; lastKnownFileType = sourcecode.c.h; path = BMKMultiPoint.h; sourceTree = "<group>"; };
		32A5846B180F8DB6005C41B5 /* BMKOfflineMap.h */ = {isa = PBXFileReference; fileEncoding = 4; lastKnownFileType = sourcecode.c.h; path = BMKOfflineMap.h; sourceTree = "<group>"; };
		32A5846C180F8DB6005C41B5 /* BMKOfflineMapType.h */ = {isa = PBXFileReference; fileEncoding = 4; lastKnownFileType = sourcecode.c.h; path = BMKOfflineMapType.h; sourceTree = "<group>"; };
		32A5846D180F8DB6005C41B5 /* BMKOverlay.h */ = {isa = PBXFileReference; fileEncoding = 4; lastKnownFileType = sourcecode.c.h; path = BMKOverlay.h; sourceTree = "<group>"; };
		32A5846E180F8DB6005C41B5 /* BMKOverlayPathView.h */ = {isa = PBXFileReference; fileEncoding = 4; lastKnownFileType = sourcecode.c.h; path = BMKOverlayPathView.h; sourceTree = "<group>"; };
		32A5846F180F8DB6005C41B5 /* BMKOverlayView.h */ = {isa = PBXFileReference; fileEncoding = 4; lastKnownFileType = sourcecode.c.h; path = BMKOverlayView.h; sourceTree = "<group>"; };
		32A58470180F8DB6005C41B5 /* BMKPinAnnotationView.h */ = {isa = PBXFileReference; fileEncoding = 4; lastKnownFileType = sourcecode.c.h; path = BMKPinAnnotationView.h; sourceTree = "<group>"; };
		32A58471180F8DB6005C41B5 /* BMKPointAnnotation.h */ = {isa = PBXFileReference; fileEncoding = 4; lastKnownFileType = sourcecode.c.h; path = BMKPointAnnotation.h; sourceTree = "<group>"; };
		32A58472180F8DB6005C41B5 /* BMKPoiSearchType.h */ = {isa = PBXFileReference; fileEncoding = 4; lastKnownFileType = sourcecode.c.h; path = BMKPoiSearchType.h; sourceTree = "<group>"; };
		32A58473180F8DB6005C41B5 /* BMKPolygon.h */ = {isa = PBXFileReference; fileEncoding = 4; lastKnownFileType = sourcecode.c.h; path = BMKPolygon.h; sourceTree = "<group>"; };
		32A58474180F8DB6005C41B5 /* BMKPolygonView.h */ = {isa = PBXFileReference; fileEncoding = 4; lastKnownFileType = sourcecode.c.h; path = BMKPolygonView.h; sourceTree = "<group>"; };
		32A58475180F8DB6005C41B5 /* BMKPolyline.h */ = {isa = PBXFileReference; fileEncoding = 4; lastKnownFileType = sourcecode.c.h; path = BMKPolyline.h; sourceTree = "<group>"; };
		32A58476180F8DB6005C41B5 /* BMKPolylineView.h */ = {isa = PBXFileReference; fileEncoding = 4; lastKnownFileType = sourcecode.c.h; path = BMKPolylineView.h; sourceTree = "<group>"; };
		32A58477180F8DB6005C41B5 /* BMKRouteSearchType.h */ = {isa = PBXFileReference; fileEncoding = 4; lastKnownFileType = sourcecode.c.h; path = BMKRouteSearchType.h; sourceTree = "<group>"; };
		32A58478180F8DB6005C41B5 /* BMKSearch.h */ = {isa = PBXFileReference; fileEncoding = 4; lastKnownFileType = sourcecode.c.h; path = BMKSearch.h; sourceTree = "<group>"; };
		32A58479180F8DB6005C41B5 /* BMKShape.h */ = {isa = PBXFileReference; fileEncoding = 4; lastKnownFileType = sourcecode.c.h; path = BMKShape.h; sourceTree = "<group>"; };
		32A5847A180F8DB6005C41B5 /* BMKTypes.h */ = {isa = PBXFileReference; fileEncoding = 4; lastKnownFileType = sourcecode.c.h; path = BMKTypes.h; sourceTree = "<group>"; };
		32A5847B180F8DB6005C41B5 /* BMKUserLocation.h */ = {isa = PBXFileReference; fileEncoding = 4; lastKnownFileType = sourcecode.c.h; path = BMKUserLocation.h; sourceTree = "<group>"; };
		32A5847C180F8DB6005C41B5 /* BMKVersion.h */ = {isa = PBXFileReference; fileEncoding = 4; lastKnownFileType = sourcecode.c.h; path = BMKVersion.h; sourceTree = "<group>"; };
		32A58480180F8DB6005C41B5 /* BMapKit.h */ = {isa = PBXFileReference; fileEncoding = 4; lastKnownFileType = sourcecode.c.h; path = BMapKit.h; sourceTree = "<group>"; };
		32A58481180F8DB6005C41B5 /* BMKActionPaopaoView.h */ = {isa = PBXFileReference; fileEncoding = 4; lastKnownFileType = sourcecode.c.h; path = BMKActionPaopaoView.h; sourceTree = "<group>"; };
		32A58482180F8DB6005C41B5 /* BMKAnnotation.h */ = {isa = PBXFileReference; fileEncoding = 4; lastKnownFileType = sourcecode.c.h; path = BMKAnnotation.h; sourceTree = "<group>"; };
		32A58483180F8DB6005C41B5 /* BMKAnnotationView.h */ = {isa = PBXFileReference; fileEncoding = 4; lastKnownFileType = sourcecode.c.h; path = BMKAnnotationView.h; sourceTree = "<group>"; };
		32A58484180F8DB6005C41B5 /* BMKCircle.h */ = {isa = PBXFileReference; fileEncoding = 4; lastKnownFileType = sourcecode.c.h; path = BMKCircle.h; sourceTree = "<group>"; };
		32A58485180F8DB6005C41B5 /* BMKCircleView.h */ = {isa = PBXFileReference; fileEncoding = 4; lastKnownFileType = sourcecode.c.h; path = BMKCircleView.h; sourceTree = "<group>"; };
		32A58486180F8DB6005C41B5 /* BMKCloudPOIList.h */ = {isa = PBXFileReference; fileEncoding = 4; lastKnownFileType = sourcecode.c.h; path = BMKCloudPOIList.h; sourceTree = "<group>"; };
		32A58487180F8DB6005C41B5 /* BMKCloudSearch.h */ = {isa = PBXFileReference; fileEncoding = 4; lastKnownFileType = sourcecode.c.h; path = BMKCloudSearch.h; sourceTree = "<group>"; };
		32A58488180F8DB6005C41B5 /* BMKCloudSearchInfo.h */ = {isa = PBXFileReference; fileEncoding = 4; lastKnownFileType = sourcecode.c.h; path = BMKCloudSearchInfo.h; sourceTree = "<group>"; };
		32A58489180F8DB6005C41B5 /* BMKGeneralDelegate.h */ = {isa = PBXFileReference; fileEncoding = 4; lastKnownFileType = sourcecode.c.h; path = BMKGeneralDelegate.h; sourceTree = "<group>"; };
		32A5848A180F8DB6005C41B5 /* BMKGeocodeType.h */ = {isa = PBXFileReference; fileEncoding = 4; lastKnownFileType = sourcecode.c.h; path = BMKGeocodeType.h; sourceTree = "<group>"; };
		32A5848B180F8DB6005C41B5 /* BMKGeometry.h */ = {isa = PBXFileReference; fileEncoding = 4; lastKnownFileType = sourcecode.c.h; path = BMKGeometry.h; sourceTree = "<group>"; };
		32A5848C180F8DB6005C41B5 /* BMKGroundOverlay.h */ = {isa = PBXFileReference; fileEncoding = 4; lastKnownFileType = sourcecode.c.h; path = BMKGroundOverlay.h; sourceTree = "<group>"; };
		32A5848D180F8DB6005C41B5 /* BMKGroundOverlayView.h */ = {isa = PBXFileReference; fileEncoding = 4; lastKnownFileType = sourcecode.c.h; path = BMKGroundOverlayView.h; sourceTree = "<group>"; };
		32A5848E180F8DB6005C41B5 /* BMKLocationViewDisplayParam.h */ = {isa = PBXFileReference; fileEncoding = 4; lastKnownFileType = sourcecode.c.h; path = BMKLocationViewDisplayParam.h; sourceTree = "<group>"; };
		32A5848F180F8DB6005C41B5 /* BMKMapManager.h */ = {isa = PBXFileReference; fileEncoding = 4; lastKnownFileType = sourcecode.c.h; path = BMKMapManager.h; sourceTree = "<group>"; };
		32A58490180F8DB6005C41B5 /* BMKMapStatus.h */ = {isa = PBXFileReference; fileEncoding = 4; lastKnownFileType = sourcecode.c.h; path = BMKMapStatus.h; sourceTree = "<group>"; };
		32A58491180F8DB6005C41B5 /* BMKMapView.h */ = {isa = PBXFileReference; fileEncoding = 4; lastKnownFileType = sourcecode.c.h; path = BMKMapView.h; sourceTree = "<group>"; };
		32A58492180F8DB6005C41B5 /* BMKMultiPoint.h */ = {isa = PBXFileReference; fileEncoding = 4; lastKnownFileType = sourcecode.c.h; path = BMKMultiPoint.h; sourceTree = "<group>"; };
		32A58493180F8DB6005C41B5 /* BMKOfflineMap.h */ = {isa = PBXFileReference; fileEncoding = 4; lastKnownFileType = sourcecode.c.h; path = BMKOfflineMap.h; sourceTree = "<group>"; };
		32A58494180F8DB6005C41B5 /* BMKOfflineMapType.h */ = {isa = PBXFileReference; fileEncoding = 4; lastKnownFileType = sourcecode.c.h; path = BMKOfflineMapType.h; sourceTree = "<group>"; };
		32A58495180F8DB6005C41B5 /* BMKOverlay.h */ = {isa = PBXFileReference; fileEncoding = 4; lastKnownFileType = sourcecode.c.h; path = BMKOverlay.h; sourceTree = "<group>"; };
		32A58496180F8DB6005C41B5 /* BMKOverlayPathView.h */ = {isa = PBXFileReference; fileEncoding = 4; lastKnownFileType = sourcecode.c.h; path = BMKOverlayPathView.h; sourceTree = "<group>"; };
		32A58497180F8DB6005C41B5 /* BMKOverlayView.h */ = {isa = PBXFileReference; fileEncoding = 4; lastKnownFileType = sourcecode.c.h; path = BMKOverlayView.h; sourceTree = "<group>"; };
		32A58498180F8DB6005C41B5 /* BMKPinAnnotationView.h */ = {isa = PBXFileReference; fileEncoding = 4; lastKnownFileType = sourcecode.c.h; path = BMKPinAnnotationView.h; sourceTree = "<group>"; };
		32A58499180F8DB6005C41B5 /* BMKPointAnnotation.h */ = {isa = PBXFileReference; fileEncoding = 4; lastKnownFileType = sourcecode.c.h; path = BMKPointAnnotation.h; sourceTree = "<group>"; };
		32A5849A180F8DB6005C41B5 /* BMKPoiSearchType.h */ = {isa = PBXFileReference; fileEncoding = 4; lastKnownFileType = sourcecode.c.h; path = BMKPoiSearchType.h; sourceTree = "<group>"; };
		32A5849B180F8DB6005C41B5 /* BMKPolygon.h */ = {isa = PBXFileReference; fileEncoding = 4; lastKnownFileType = sourcecode.c.h; path = BMKPolygon.h; sourceTree = "<group>"; };
		32A5849C180F8DB6005C41B5 /* BMKPolygonView.h */ = {isa = PBXFileReference; fileEncoding = 4; lastKnownFileType = sourcecode.c.h; path = BMKPolygonView.h; sourceTree = "<group>"; };
		32A5849D180F8DB6005C41B5 /* BMKPolyline.h */ = {isa = PBXFileReference; fileEncoding = 4; lastKnownFileType = sourcecode.c.h; path = BMKPolyline.h; sourceTree = "<group>"; };
		32A5849E180F8DB6005C41B5 /* BMKPolylineView.h */ = {isa = PBXFileReference; fileEncoding = 4; lastKnownFileType = sourcecode.c.h; path = BMKPolylineView.h; sourceTree = "<group>"; };
		32A5849F180F8DB6005C41B5 /* BMKRouteSearchType.h */ = {isa = PBXFileReference; fileEncoding = 4; lastKnownFileType = sourcecode.c.h; path = BMKRouteSearchType.h; sourceTree = "<group>"; };
		32A584A0180F8DB6005C41B5 /* BMKSearch.h */ = {isa = PBXFileReference; fileEncoding = 4; lastKnownFileType = sourcecode.c.h; path = BMKSearch.h; sourceTree = "<group>"; };
		32A584A1180F8DB6005C41B5 /* BMKShape.h */ = {isa = PBXFileReference; fileEncoding = 4; lastKnownFileType = sourcecode.c.h; path = BMKShape.h; sourceTree = "<group>"; };
		32A584A2180F8DB6005C41B5 /* BMKTypes.h */ = {isa = PBXFileReference; fileEncoding = 4; lastKnownFileType = sourcecode.c.h; path = BMKTypes.h; sourceTree = "<group>"; };
		32A584A3180F8DB6005C41B5 /* BMKUserLocation.h */ = {isa = PBXFileReference; fileEncoding = 4; lastKnownFileType = sourcecode.c.h; path = BMKUserLocation.h; sourceTree = "<group>"; };
		32A584A4180F8DB6005C41B5 /* BMKVersion.h */ = {isa = PBXFileReference; fileEncoding = 4; lastKnownFileType = sourcecode.c.h; path = BMKVersion.h; sourceTree = "<group>"; };
		32A584A5180F8DB6005C41B5 /* libbaidumapapi.a */ = {isa = PBXFileReference; lastKnownFileType = archive.ar; path = libbaidumapapi.a; sourceTree = "<group>"; };
		32A584A8180F8DB6005C41B5 /* BMapKit.h */ = {isa = PBXFileReference; fileEncoding = 4; lastKnownFileType = sourcecode.c.h; path = BMapKit.h; sourceTree = "<group>"; };
		32A584A9180F8DB6005C41B5 /* BMKActionPaopaoView.h */ = {isa = PBXFileReference; fileEncoding = 4; lastKnownFileType = sourcecode.c.h; path = BMKActionPaopaoView.h; sourceTree = "<group>"; };
		32A584AA180F8DB6005C41B5 /* BMKAnnotation.h */ = {isa = PBXFileReference; fileEncoding = 4; lastKnownFileType = sourcecode.c.h; path = BMKAnnotation.h; sourceTree = "<group>"; };
		32A584AB180F8DB6005C41B5 /* BMKAnnotationView.h */ = {isa = PBXFileReference; fileEncoding = 4; lastKnownFileType = sourcecode.c.h; path = BMKAnnotationView.h; sourceTree = "<group>"; };
		32A584AC180F8DB6005C41B5 /* BMKCircle.h */ = {isa = PBXFileReference; fileEncoding = 4; lastKnownFileType = sourcecode.c.h; path = BMKCircle.h; sourceTree = "<group>"; };
		32A584AD180F8DB6005C41B5 /* BMKCircleView.h */ = {isa = PBXFileReference; fileEncoding = 4; lastKnownFileType = sourcecode.c.h; path = BMKCircleView.h; sourceTree = "<group>"; };
		32A584AE180F8DB6005C41B5 /* BMKCloudPOIList.h */ = {isa = PBXFileReference; fileEncoding = 4; lastKnownFileType = sourcecode.c.h; path = BMKCloudPOIList.h; sourceTree = "<group>"; };
		32A584AF180F8DB6005C41B5 /* BMKCloudSearch.h */ = {isa = PBXFileReference; fileEncoding = 4; lastKnownFileType = sourcecode.c.h; path = BMKCloudSearch.h; sourceTree = "<group>"; };
		32A584B0180F8DB6005C41B5 /* BMKCloudSearchInfo.h */ = {isa = PBXFileReference; fileEncoding = 4; lastKnownFileType = sourcecode.c.h; path = BMKCloudSearchInfo.h; sourceTree = "<group>"; };
		32A584B1180F8DB6005C41B5 /* BMKGeneralDelegate.h */ = {isa = PBXFileReference; fileEncoding = 4; lastKnownFileType = sourcecode.c.h; path = BMKGeneralDelegate.h; sourceTree = "<group>"; };
		32A584B2180F8DB6005C41B5 /* BMKGeocodeType.h */ = {isa = PBXFileReference; fileEncoding = 4; lastKnownFileType = sourcecode.c.h; path = BMKGeocodeType.h; sourceTree = "<group>"; };
		32A584B3180F8DB6005C41B5 /* BMKGeometry.h */ = {isa = PBXFileReference; fileEncoding = 4; lastKnownFileType = sourcecode.c.h; path = BMKGeometry.h; sourceTree = "<group>"; };
		32A584B4180F8DB6005C41B5 /* BMKGroundOverlay.h */ = {isa = PBXFileReference; fileEncoding = 4; lastKnownFileType = sourcecode.c.h; path = BMKGroundOverlay.h; sourceTree = "<group>"; };
		32A584B5180F8DB6005C41B5 /* BMKGroundOverlayView.h */ = {isa = PBXFileReference; fileEncoding = 4; lastKnownFileType = sourcecode.c.h; path = BMKGroundOverlayView.h; sourceTree = "<group>"; };
		32A584B6180F8DB6005C41B5 /* BMKLocationViewDisplayParam.h */ = {isa = PBXFileReference; fileEncoding = 4; lastKnownFileType = sourcecode.c.h; path = BMKLocationViewDisplayParam.h; sourceTree = "<group>"; };
		32A584B7180F8DB6005C41B5 /* BMKMapManager.h */ = {isa = PBXFileReference; fileEncoding = 4; lastKnownFileType = sourcecode.c.h; path = BMKMapManager.h; sourceTree = "<group>"; };
		32A584B8180F8DB6005C41B5 /* BMKMapStatus.h */ = {isa = PBXFileReference; fileEncoding = 4; lastKnownFileType = sourcecode.c.h; path = BMKMapStatus.h; sourceTree = "<group>"; };
		32A584B9180F8DB6005C41B5 /* BMKMapView.h */ = {isa = PBXFileReference; fileEncoding = 4; lastKnownFileType = sourcecode.c.h; path = BMKMapView.h; sourceTree = "<group>"; };
		32A584BA180F8DB6005C41B5 /* BMKMultiPoint.h */ = {isa = PBXFileReference; fileEncoding = 4; lastKnownFileType = sourcecode.c.h; path = BMKMultiPoint.h; sourceTree = "<group>"; };
		32A584BB180F8DB6005C41B5 /* BMKOfflineMap.h */ = {isa = PBXFileReference; fileEncoding = 4; lastKnownFileType = sourcecode.c.h; path = BMKOfflineMap.h; sourceTree = "<group>"; };
		32A584BC180F8DB6005C41B5 /* BMKOfflineMapType.h */ = {isa = PBXFileReference; fileEncoding = 4; lastKnownFileType = sourcecode.c.h; path = BMKOfflineMapType.h; sourceTree = "<group>"; };
		32A584BD180F8DB6005C41B5 /* BMKOverlay.h */ = {isa = PBXFileReference; fileEncoding = 4; lastKnownFileType = sourcecode.c.h; path = BMKOverlay.h; sourceTree = "<group>"; };
		32A584BE180F8DB6005C41B5 /* BMKOverlayPathView.h */ = {isa = PBXFileReference; fileEncoding = 4; lastKnownFileType = sourcecode.c.h; path = BMKOverlayPathView.h; sourceTree = "<group>"; };
		32A584BF180F8DB6005C41B5 /* BMKOverlayView.h */ = {isa = PBXFileReference; fileEncoding = 4; lastKnownFileType = sourcecode.c.h; path = BMKOverlayView.h; sourceTree = "<group>"; };
		32A584C0180F8DB6005C41B5 /* BMKPinAnnotationView.h */ = {isa = PBXFileReference; fileEncoding = 4; lastKnownFileType = sourcecode.c.h; path = BMKPinAnnotationView.h; sourceTree = "<group>"; };
		32A584C1180F8DB6005C41B5 /* BMKPointAnnotation.h */ = {isa = PBXFileReference; fileEncoding = 4; lastKnownFileType = sourcecode.c.h; path = BMKPointAnnotation.h; sourceTree = "<group>"; };
		32A584C2180F8DB6005C41B5 /* BMKPoiSearchType.h */ = {isa = PBXFileReference; fileEncoding = 4; lastKnownFileType = sourcecode.c.h; path = BMKPoiSearchType.h; sourceTree = "<group>"; };
		32A584C3180F8DB6005C41B5 /* BMKPolygon.h */ = {isa = PBXFileReference; fileEncoding = 4; lastKnownFileType = sourcecode.c.h; path = BMKPolygon.h; sourceTree = "<group>"; };
		32A584C4180F8DB6005C41B5 /* BMKPolygonView.h */ = {isa = PBXFileReference; fileEncoding = 4; lastKnownFileType = sourcecode.c.h; path = BMKPolygonView.h; sourceTree = "<group>"; };
		32A584C5180F8DB6005C41B5 /* BMKPolyline.h */ = {isa = PBXFileReference; fileEncoding = 4; lastKnownFileType = sourcecode.c.h; path = BMKPolyline.h; sourceTree = "<group>"; };
		32A584C6180F8DB6005C41B5 /* BMKPolylineView.h */ = {isa = PBXFileReference; fileEncoding = 4; lastKnownFileType = sourcecode.c.h; path = BMKPolylineView.h; sourceTree = "<group>"; };
		32A584C7180F8DB6005C41B5 /* BMKRouteSearchType.h */ = {isa = PBXFileReference; fileEncoding = 4; lastKnownFileType = sourcecode.c.h; path = BMKRouteSearchType.h; sourceTree = "<group>"; };
		32A584C8180F8DB6005C41B5 /* BMKSearch.h */ = {isa = PBXFileReference; fileEncoding = 4; lastKnownFileType = sourcecode.c.h; path = BMKSearch.h; sourceTree = "<group>"; };
		32A584C9180F8DB6005C41B5 /* BMKShape.h */ = {isa = PBXFileReference; fileEncoding = 4; lastKnownFileType = sourcecode.c.h; path = BMKShape.h; sourceTree = "<group>"; };
		32A584CA180F8DB6005C41B5 /* BMKTypes.h */ = {isa = PBXFileReference; fileEncoding = 4; lastKnownFileType = sourcecode.c.h; path = BMKTypes.h; sourceTree = "<group>"; };
		32A584CB180F8DB6005C41B5 /* BMKUserLocation.h */ = {isa = PBXFileReference; fileEncoding = 4; lastKnownFileType = sourcecode.c.h; path = BMKUserLocation.h; sourceTree = "<group>"; };
		32A584CC180F8DB6005C41B5 /* BMKVersion.h */ = {isa = PBXFileReference; fileEncoding = 4; lastKnownFileType = sourcecode.c.h; path = BMKVersion.h; sourceTree = "<group>"; };
		32A584CD180F8DB6005C41B5 /* libbaidumapapi.a */ = {isa = PBXFileReference; lastKnownFileType = archive.ar; path = libbaidumapapi.a; sourceTree = "<group>"; };
		32A584CE180F8DB6005C41B5 /* mapapi.bundle */ = {isa = PBXFileReference; lastKnownFileType = "wrapper.plug-in"; name = mapapi.bundle; path = baidu/mapapi.bundle; sourceTree = "<group>"; };
		32A584D2180F938B005C41B5 /* EventsViewController.m */ = {isa = PBXFileReference; fileEncoding = 4; lastKnownFileType = sourcecode.c.objc; path = EventsViewController.m; sourceTree = "<group>"; };
		32A584D3180F938B005C41B5 /* EventsViewController.h */ = {isa = PBXFileReference; fileEncoding = 4; lastKnownFileType = sourcecode.c.h; path = EventsViewController.h; sourceTree = "<group>"; };
		32DEF1031808DDB1005A9D83 /* MapDots.app */ = {isa = PBXFileReference; explicitFileType = wrapper.application; includeInIndex = 0; path = MapDots.app; sourceTree = BUILT_PRODUCTS_DIR; };
		32DEF1061808DDB1005A9D83 /* Foundation.framework */ = {isa = PBXFileReference; lastKnownFileType = wrapper.framework; name = Foundation.framework; path = System/Library/Frameworks/Foundation.framework; sourceTree = SDKROOT; };
		32DEF1081808DDB1005A9D83 /* CoreGraphics.framework */ = {isa = PBXFileReference; lastKnownFileType = wrapper.framework; name = CoreGraphics.framework; path = System/Library/Frameworks/CoreGraphics.framework; sourceTree = SDKROOT; };
		32DEF10A1808DDB1005A9D83 /* UIKit.framework */ = {isa = PBXFileReference; lastKnownFileType = wrapper.framework; name = UIKit.framework; path = System/Library/Frameworks/UIKit.framework; sourceTree = SDKROOT; };
		32DEF10E1808DDB1005A9D83 /* MapDots-Info.plist */ = {isa = PBXFileReference; lastKnownFileType = text.plist.xml; path = "MapDots-Info.plist"; sourceTree = "<group>"; };
		32DEF1101808DDB1005A9D83 /* en */ = {isa = PBXFileReference; lastKnownFileType = text.plist.strings; name = en; path = en.lproj/InfoPlist.strings; sourceTree = "<group>"; };
		32DEF1121808DDB1005A9D83 /* main.m */ = {isa = PBXFileReference; lastKnownFileType = sourcecode.c.objc; path = main.m; sourceTree = "<group>"; };
		32DEF1141808DDB1005A9D83 /* MapDots-Prefix.pch */ = {isa = PBXFileReference; lastKnownFileType = sourcecode.c.h; path = "MapDots-Prefix.pch"; sourceTree = "<group>"; };
		32DEF1151808DDB1005A9D83 /* AppDelegate.h */ = {isa = PBXFileReference; lastKnownFileType = sourcecode.c.h; path = AppDelegate.h; sourceTree = "<group>"; };
		32DEF1161808DDB1005A9D83 /* AppDelegate.m */ = {isa = PBXFileReference; lastKnownFileType = sourcecode.c.objc; path = AppDelegate.m; sourceTree = "<group>"; };
		32DEF11E1808DDB1005A9D83 /* FirstViewController.h */ = {isa = PBXFileReference; lastKnownFileType = sourcecode.c.h; path = FirstViewController.h; sourceTree = "<group>"; };
		32DEF11F1808DDB1005A9D83 /* FirstViewController.m */ = {isa = PBXFileReference; lastKnownFileType = sourcecode.c.objc; path = FirstViewController.m; sourceTree = "<group>"; };
		32DEF1211808DDB1005A9D83 /* SecondViewController.h */ = {isa = PBXFileReference; lastKnownFileType = sourcecode.c.h; path = SecondViewController.h; sourceTree = "<group>"; };
		32DEF1221808DDB1005A9D83 /* SecondViewController.m */ = {isa = PBXFileReference; lastKnownFileType = sourcecode.c.objc; path = SecondViewController.m; sourceTree = "<group>"; };
		32DEF1241808DDB1005A9D83 /* Images.xcassets */ = {isa = PBXFileReference; lastKnownFileType = folder.assetcatalog; path = Images.xcassets; sourceTree = "<group>"; };
		32DEF12A1808DDB1005A9D83 /* MapDotsTests.xctest */ = {isa = PBXFileReference; explicitFileType = wrapper.cfbundle; includeInIndex = 0; path = MapDotsTests.xctest; sourceTree = BUILT_PRODUCTS_DIR; };
		32DEF12B1808DDB1005A9D83 /* XCTest.framework */ = {isa = PBXFileReference; lastKnownFileType = wrapper.framework; name = XCTest.framework; path = Library/Frameworks/XCTest.framework; sourceTree = DEVELOPER_DIR; };
		32DEF1331808DDB1005A9D83 /* MapDotsTests-Info.plist */ = {isa = PBXFileReference; lastKnownFileType = text.plist.xml; path = "MapDotsTests-Info.plist"; sourceTree = "<group>"; };
		32DEF1351808DDB1005A9D83 /* en */ = {isa = PBXFileReference; lastKnownFileType = text.plist.strings; name = en; path = en.lproj/InfoPlist.strings; sourceTree = "<group>"; };
		32DEF1371808DDB1005A9D83 /* MapDotsTests.m */ = {isa = PBXFileReference; lastKnownFileType = sourcecode.c.objc; path = MapDotsTests.m; sourceTree = "<group>"; };
		32DEF1411808DF5B005A9D83 /* HomeViewController.m */ = {isa = PBXFileReference; fileEncoding = 4; lastKnownFileType = sourcecode.c.objc; path = HomeViewController.m; sourceTree = "<group>"; };
		32DEF1421808DF5B005A9D83 /* HomeViewController.h */ = {isa = PBXFileReference; fileEncoding = 4; lastKnownFileType = sourcecode.c.h; path = HomeViewController.h; sourceTree = "<group>"; };
		32DEF1441808E117005A9D83 /* 导航.png */ = {isa = PBXFileReference; lastKnownFileType = image.png; path = "导航.png"; sourceTree = "<group>"; };
		32DEF1461808E1A2005A9D83 /* 导航_select.png */ = {isa = PBXFileReference; lastKnownFileType = image.png; path = "导航_select.png"; sourceTree = "<group>"; };
		32DEF1481808E8B5005A9D83 /* 话题_select.png */ = {isa = PBXFileReference; lastKnownFileType = image.png; path = "话题_select.png"; sourceTree = "<group>"; };
		32DEF1491808E8B5005A9D83 /* 我_select.png */ = {isa = PBXFileReference; lastKnownFileType = image.png; path = "我_select.png"; sourceTree = "<group>"; };
		32DEF14A1808E8B5005A9D83 /* 追踪_select.png */ = {isa = PBXFileReference; lastKnownFileType = image.png; path = "追踪_select.png"; sourceTree = "<group>"; };
		32DEF14B1808E8B5005A9D83 /* 首页_select.png */ = {isa = PBXFileReference; lastKnownFileType = image.png; path = "首页_select.png"; sourceTree = "<group>"; };
		32DEF1501808E964005A9D83 /* bg1.png */ = {isa = PBXFileReference; lastKnownFileType = image.png; path = bg1.png; sourceTree = "<group>"; };
		32DEF1511808E964005A9D83 /* 分割线.png */ = {isa = PBXFileReference; lastKnownFileType = image.png; path = "分割线.png"; sourceTree = "<group>"; };
		32DEF1521808E964005A9D83 /* 日历.png */ = {isa = PBXFileReference; lastKnownFileType = image.png; path = "日历.png"; sourceTree = "<group>"; };
		32DEF1561808F825005A9D83 /* 头像.png */ = {isa = PBXFileReference; lastKnownFileType = image.png; path = "头像.png"; sourceTree = "<group>"; };
		32DEF1581808FC55005A9D83 /* 导航条标记.png */ = {isa = PBXFileReference; lastKnownFileType = image.png; path = "导航条标记.png"; sourceTree = "<group>"; };
		32DEF15A18090D3D005A9D83 /* Todo.strings */ = {isa = PBXFileReference; fileEncoding = 4; lastKnownFileType = text.plist.strings; path = Todo.strings; sourceTree = "<group>"; };
		32DEF15C180923A1005A9D83 /* button_left_press.png */ = {isa = PBXFileReference; lastKnownFileType = image.png; path = button_left_press.png; sourceTree = "<group>"; };
		32DEF15D180923A1005A9D83 /* button_left_nor.png */ = {isa = PBXFileReference; lastKnownFileType = image.png; path = button_left_nor.png; sourceTree = "<group>"; };
		32DEF1601809240B005A9D83 /* 框_话题.png */ = {isa = PBXFileReference; lastKnownFileType = image.png; path = "框_话题.png"; sourceTree = "<group>"; };
		32DEF1611809240B005A9D83 /* 话题标记点.png */ = {isa = PBXFileReference; lastKnownFileType = image.png; path = "话题标记点.png"; sourceTree = "<group>"; };
		32DEF16418092511005A9D83 /* 跳转符.png */ = {isa = PBXFileReference; lastKnownFileType = image.png; path = "跳转符.png"; sourceTree = "<group>"; };
		32DEF16518092511005A9D83 /* 框_设置.png */ = {isa = PBXFileReference; lastKnownFileType = image.png; path = "框_设置.png"; sourceTree = "<group>"; };
		32DEF16618092511005A9D83 /* 设置.png */ = {isa = PBXFileReference; lastKnownFileType = image.png; path = "设置.png"; sourceTree = "<group>"; };
		32DEF16A18092F6B005A9D83 /* button_right_nor.png */ = {isa = PBXFileReference; lastKnownFileType = image.png; path = button_right_nor.png; sourceTree = "<group>"; };
		32DEF16B18092F6B005A9D83 /* 追踪.png */ = {isa = PBXFileReference; lastKnownFileType = image.png; path = "追踪.png"; sourceTree = "<group>"; };
		32DEF16E18094846005A9D83 /* 追踪_.png */ = {isa = PBXFileReference; lastKnownFileType = image.png; path = "追踪_.png"; sourceTree = "<group>"; };
		32DEF16F18094846005A9D83 /* 导航_.png */ = {isa = PBXFileReference; lastKnownFileType = image.png; path = "导航_.png"; sourceTree = "<group>"; };
		32DEF17218094ED4005A9D83 /* PreferencesViewController.m */ = {isa = PBXFileReference; fileEncoding = 4; lastKnownFileType = sourcecode.c.objc; path = PreferencesViewController.m; sourceTree = "<group>"; };
		32DEF17318094ED4005A9D83 /* EditStatusViewController.m */ = {isa = PBXFileReference; fileEncoding = 4; lastKnownFileType = sourcecode.c.objc; path = EditStatusViewController.m; sourceTree = "<group>"; };
		32DEF17418094ED4005A9D83 /* EditStatusViewController.h */ = {isa = PBXFileReference; fileEncoding = 4; lastKnownFileType = sourcecode.c.h; path = EditStatusViewController.h; sourceTree = "<group>"; };
		32DEF17518094ED4005A9D83 /* EditSexViewController.m */ = {isa = PBXFileReference; fileEncoding = 4; lastKnownFileType = sourcecode.c.objc; path = EditSexViewController.m; sourceTree = "<group>"; };
		32DEF17618094ED4005A9D83 /* EditNameViewController.m */ = {isa = PBXFileReference; fileEncoding = 4; lastKnownFileType = sourcecode.c.objc; path = EditNameViewController.m; sourceTree = "<group>"; };
		32DEF17718094ED4005A9D83 /* EditNameViewController.h */ = {isa = PBXFileReference; fileEncoding = 4; lastKnownFileType = sourcecode.c.h; path = EditNameViewController.h; sourceTree = "<group>"; };
		32DEF17818094ED4005A9D83 /* EditSexViewController.h */ = {isa = PBXFileReference; fileEncoding = 4; lastKnownFileType = sourcecode.c.h; path = EditSexViewController.h; sourceTree = "<group>"; };
		32DEF17918094ED4005A9D83 /* EditPreferencesViewController.m */ = {isa = PBXFileReference; fileEncoding = 4; lastKnownFileType = sourcecode.c.objc; path = EditPreferencesViewController.m; sourceTree = "<group>"; };
		32DEF17A18094ED4005A9D83 /* EditPreferencesViewController.h */ = {isa = PBXFileReference; fileEncoding = 4; lastKnownFileType = sourcecode.c.h; path = EditPreferencesViewController.h; sourceTree = "<group>"; };
		32DEF17B18094ED4005A9D83 /* PreferencesViewController.h */ = {isa = PBXFileReference; fileEncoding = 4; lastKnownFileType = sourcecode.c.h; path = PreferencesViewController.h; sourceTree = "<group>"; };
		32DEF18118094F5D005A9D83 /* UserProperty.m */ = {isa = PBXFileReference; fileEncoding = 4; lastKnownFileType = sourcecode.c.objc; path = UserProperty.m; sourceTree = "<group>"; };
		32DEF18218094F5D005A9D83 /* UserProperty.h */ = {isa = PBXFileReference; fileEncoding = 4; lastKnownFileType = sourcecode.c.h; path = UserProperty.h; sourceTree = "<group>"; };
		32DEF18418094F92005A9D83 /* AboutViewController.m */ = {isa = PBXFileReference; fileEncoding = 4; lastKnownFileType = sourcecode.c.objc; path = AboutViewController.m; sourceTree = "<group>"; };
		32DEF18518094F92005A9D83 /* AboutViewController.h */ = {isa = PBXFileReference; fileEncoding = 4; lastKnownFileType = sourcecode.c.h; path = AboutViewController.h; sourceTree = "<group>"; };
		32F6F5D71810CA7E00E34342 /* APIKey.h */ = {isa = PBXFileReference; fileEncoding = 4; lastKnownFileType = sourcecode.c.h; path = APIKey.h; sourceTree = "<group>"; };
		32F6F5D81810CAE300E34342 /* Security.framework */ = {isa = PBXFileReference; lastKnownFileType = wrapper.framework; name = Security.framework; path = System/Library/Frameworks/Security.framework; sourceTree = SDKROOT; };
/* End PBXFileReference section */

/* Begin PBXFrameworksBuildPhase section */
		32DEF1001808DDB1005A9D83 /* Frameworks */ = {
			isa = PBXFrameworksBuildPhase;
			buildActionMask = 2147483647;
			files = (
				32F6F5D91810CAE300E34342 /* Security.framework in Frameworks */,
				3205ADDA180CD745000987F3 /* SystemConfiguration.framework in Frameworks */,
				32A584D0180F8DB6005C41B5 /* libbaidumapapi.a in Frameworks */,
				3205ADD8180CD739000987F3 /* OpenGLES.framework in Frameworks */,
				3205ADD6180CD733000987F3 /* QuartzCore.framework in Frameworks */,
				32A584CF180F8DB6005C41B5 /* libbaidumapapi.a in Frameworks */,
				3205ADD4180CD726000987F3 /* CoreLocation.framework in Frameworks */,
				32DEF1091808DDB1005A9D83 /* CoreGraphics.framework in Frameworks */,
				32DEF10B1808DDB1005A9D83 /* UIKit.framework in Frameworks */,
				32DEF1071808DDB1005A9D83 /* Foundation.framework in Frameworks */,
			);
			runOnlyForDeploymentPostprocessing = 0;
		};
		32DEF1271808DDB1005A9D83 /* Frameworks */ = {
			isa = PBXFrameworksBuildPhase;
			buildActionMask = 2147483647;
			files = (
				32DEF12C1808DDB1005A9D83 /* XCTest.framework in Frameworks */,
				32DEF12E1808DDB1005A9D83 /* UIKit.framework in Frameworks */,
				32DEF12D1808DDB1005A9D83 /* Foundation.framework in Frameworks */,
			);
			runOnlyForDeploymentPostprocessing = 0;
		};
/* End PBXFrameworksBuildPhase section */

/* Begin PBXGroup section */
		32A58456180F8DA8005C41B5 /* baidu */ = {
			isa = PBXGroup;
			children = (
				32A58457180F8DB6005C41B5 /* inc */,
				32A5847D180F8DB6005C41B5 /* libs */,
				32A584CE180F8DB6005C41B5 /* mapapi.bundle */,
			);
			name = baidu;
			sourceTree = "<group>";
		};
		32A58457180F8DB6005C41B5 /* inc */ = {
			isa = PBXGroup;
			children = (
				32A58458180F8DB6005C41B5 /* BMapKit.h */,
				32A58459180F8DB6005C41B5 /* BMKActionPaopaoView.h */,
				32A5845A180F8DB6005C41B5 /* BMKAnnotation.h */,
				32A5845B180F8DB6005C41B5 /* BMKAnnotationView.h */,
				32A5845C180F8DB6005C41B5 /* BMKCircle.h */,
				32A5845D180F8DB6005C41B5 /* BMKCircleView.h */,
				32A5845E180F8DB6005C41B5 /* BMKCloudPOIList.h */,
				32A5845F180F8DB6005C41B5 /* BMKCloudSearch.h */,
				32A58460180F8DB6005C41B5 /* BMKCloudSearchInfo.h */,
				32A58461180F8DB6005C41B5 /* BMKGeneralDelegate.h */,
				32A58462180F8DB6005C41B5 /* BMKGeocodeType.h */,
				32A58463180F8DB6005C41B5 /* BMKGeometry.h */,
				32A58464180F8DB6005C41B5 /* BMKGroundOverlay.h */,
				32A58465180F8DB6005C41B5 /* BMKGroundOverlayView.h */,
				32A58466180F8DB6005C41B5 /* BMKLocationViewDisplayParam.h */,
				32A58467180F8DB6005C41B5 /* BMKMapManager.h */,
				32A58468180F8DB6005C41B5 /* BMKMapStatus.h */,
				32A58469180F8DB6005C41B5 /* BMKMapView.h */,
				32A5846A180F8DB6005C41B5 /* BMKMultiPoint.h */,
				32A5846B180F8DB6005C41B5 /* BMKOfflineMap.h */,
				32A5846C180F8DB6005C41B5 /* BMKOfflineMapType.h */,
				32A5846D180F8DB6005C41B5 /* BMKOverlay.h */,
				32A5846E180F8DB6005C41B5 /* BMKOverlayPathView.h */,
				32A5846F180F8DB6005C41B5 /* BMKOverlayView.h */,
				32A58470180F8DB6005C41B5 /* BMKPinAnnotationView.h */,
				32A58471180F8DB6005C41B5 /* BMKPointAnnotation.h */,
				32A58472180F8DB6005C41B5 /* BMKPoiSearchType.h */,
				32A58473180F8DB6005C41B5 /* BMKPolygon.h */,
				32A58474180F8DB6005C41B5 /* BMKPolygonView.h */,
				32A58475180F8DB6005C41B5 /* BMKPolyline.h */,
				32A58476180F8DB6005C41B5 /* BMKPolylineView.h */,
				32A58477180F8DB6005C41B5 /* BMKRouteSearchType.h */,
				32A58478180F8DB6005C41B5 /* BMKSearch.h */,
				32A58479180F8DB6005C41B5 /* BMKShape.h */,
				32A5847A180F8DB6005C41B5 /* BMKTypes.h */,
				32A5847B180F8DB6005C41B5 /* BMKUserLocation.h */,
				32A5847C180F8DB6005C41B5 /* BMKVersion.h */,
			);
			name = inc;
			path = baidu/inc;
			sourceTree = "<group>";
		};
		32A5847D180F8DB6005C41B5 /* libs */ = {
			isa = PBXGroup;
			children = (
				32A5847E180F8DB6005C41B5 /* Release-iphoneos */,
				32A584A6180F8DB6005C41B5 /* Release-iphonesimulator */,
			);
			name = libs;
			path = baidu/libs;
			sourceTree = "<group>";
		};
		32A5847E180F8DB6005C41B5 /* Release-iphoneos */ = {
			isa = PBXGroup;
			children = (
				32A5847F180F8DB6005C41B5 /* inc */,
				32A584A5180F8DB6005C41B5 /* libbaidumapapi.a */,
			);
			path = "Release-iphoneos";
			sourceTree = "<group>";
		};
		32A5847F180F8DB6005C41B5 /* inc */ = {
			isa = PBXGroup;
			children = (
				32A58480180F8DB6005C41B5 /* BMapKit.h */,
				32A58481180F8DB6005C41B5 /* BMKActionPaopaoView.h */,
				32A58482180F8DB6005C41B5 /* BMKAnnotation.h */,
				32A58483180F8DB6005C41B5 /* BMKAnnotationView.h */,
				32A58484180F8DB6005C41B5 /* BMKCircle.h */,
				32A58485180F8DB6005C41B5 /* BMKCircleView.h */,
				32A58486180F8DB6005C41B5 /* BMKCloudPOIList.h */,
				32A58487180F8DB6005C41B5 /* BMKCloudSearch.h */,
				32A58488180F8DB6005C41B5 /* BMKCloudSearchInfo.h */,
				32A58489180F8DB6005C41B5 /* BMKGeneralDelegate.h */,
				32A5848A180F8DB6005C41B5 /* BMKGeocodeType.h */,
				32A5848B180F8DB6005C41B5 /* BMKGeometry.h */,
				32A5848C180F8DB6005C41B5 /* BMKGroundOverlay.h */,
				32A5848D180F8DB6005C41B5 /* BMKGroundOverlayView.h */,
				32A5848E180F8DB6005C41B5 /* BMKLocationViewDisplayParam.h */,
				32A5848F180F8DB6005C41B5 /* BMKMapManager.h */,
				32A58490180F8DB6005C41B5 /* BMKMapStatus.h */,
				32A58491180F8DB6005C41B5 /* BMKMapView.h */,
				32A58492180F8DB6005C41B5 /* BMKMultiPoint.h */,
				32A58493180F8DB6005C41B5 /* BMKOfflineMap.h */,
				32A58494180F8DB6005C41B5 /* BMKOfflineMapType.h */,
				32A58495180F8DB6005C41B5 /* BMKOverlay.h */,
				32A58496180F8DB6005C41B5 /* BMKOverlayPathView.h */,
				32A58497180F8DB6005C41B5 /* BMKOverlayView.h */,
				32A58498180F8DB6005C41B5 /* BMKPinAnnotationView.h */,
				32A58499180F8DB6005C41B5 /* BMKPointAnnotation.h */,
				32A5849A180F8DB6005C41B5 /* BMKPoiSearchType.h */,
				32A5849B180F8DB6005C41B5 /* BMKPolygon.h */,
				32A5849C180F8DB6005C41B5 /* BMKPolygonView.h */,
				32A5849D180F8DB6005C41B5 /* BMKPolyline.h */,
				32A5849E180F8DB6005C41B5 /* BMKPolylineView.h */,
				32A5849F180F8DB6005C41B5 /* BMKRouteSearchType.h */,
				32A584A0180F8DB6005C41B5 /* BMKSearch.h */,
				32A584A1180F8DB6005C41B5 /* BMKShape.h */,
				32A584A2180F8DB6005C41B5 /* BMKTypes.h */,
				32A584A3180F8DB6005C41B5 /* BMKUserLocation.h */,
				32A584A4180F8DB6005C41B5 /* BMKVersion.h */,
			);
			path = inc;
			sourceTree = "<group>";
		};
		32A584A6180F8DB6005C41B5 /* Release-iphonesimulator */ = {
			isa = PBXGroup;
			children = (
				32A584A7180F8DB6005C41B5 /* inc */,
				32A584CD180F8DB6005C41B5 /* libbaidumapapi.a */,
			);
			path = "Release-iphonesimulator";
			sourceTree = "<group>";
		};
		32A584A7180F8DB6005C41B5 /* inc */ = {
			isa = PBXGroup;
			children = (
				32A584A8180F8DB6005C41B5 /* BMapKit.h */,
				32A584A9180F8DB6005C41B5 /* BMKActionPaopaoView.h */,
				32A584AA180F8DB6005C41B5 /* BMKAnnotation.h */,
				32A584AB180F8DB6005C41B5 /* BMKAnnotationView.h */,
				32A584AC180F8DB6005C41B5 /* BMKCircle.h */,
				32A584AD180F8DB6005C41B5 /* BMKCircleView.h */,
				32A584AE180F8DB6005C41B5 /* BMKCloudPOIList.h */,
				32A584AF180F8DB6005C41B5 /* BMKCloudSearch.h */,
				32A584B0180F8DB6005C41B5 /* BMKCloudSearchInfo.h */,
				32A584B1180F8DB6005C41B5 /* BMKGeneralDelegate.h */,
				32A584B2180F8DB6005C41B5 /* BMKGeocodeType.h */,
				32A584B3180F8DB6005C41B5 /* BMKGeometry.h */,
				32A584B4180F8DB6005C41B5 /* BMKGroundOverlay.h */,
				32A584B5180F8DB6005C41B5 /* BMKGroundOverlayView.h */,
				32A584B6180F8DB6005C41B5 /* BMKLocationViewDisplayParam.h */,
				32A584B7180F8DB6005C41B5 /* BMKMapManager.h */,
				32A584B8180F8DB6005C41B5 /* BMKMapStatus.h */,
				32A584B9180F8DB6005C41B5 /* BMKMapView.h */,
				32A584BA180F8DB6005C41B5 /* BMKMultiPoint.h */,
				32A584BB180F8DB6005C41B5 /* BMKOfflineMap.h */,
				32A584BC180F8DB6005C41B5 /* BMKOfflineMapType.h */,
				32A584BD180F8DB6005C41B5 /* BMKOverlay.h */,
				32A584BE180F8DB6005C41B5 /* BMKOverlayPathView.h */,
				32A584BF180F8DB6005C41B5 /* BMKOverlayView.h */,
				32A584C0180F8DB6005C41B5 /* BMKPinAnnotationView.h */,
				32A584C1180F8DB6005C41B5 /* BMKPointAnnotation.h */,
				32A584C2180F8DB6005C41B5 /* BMKPoiSearchType.h */,
				32A584C3180F8DB6005C41B5 /* BMKPolygon.h */,
				32A584C4180F8DB6005C41B5 /* BMKPolygonView.h */,
				32A584C5180F8DB6005C41B5 /* BMKPolyline.h */,
				32A584C6180F8DB6005C41B5 /* BMKPolylineView.h */,
				32A584C7180F8DB6005C41B5 /* BMKRouteSearchType.h */,
				32A584C8180F8DB6005C41B5 /* BMKSearch.h */,
				32A584C9180F8DB6005C41B5 /* BMKShape.h */,
				32A584CA180F8DB6005C41B5 /* BMKTypes.h */,
				32A584CB180F8DB6005C41B5 /* BMKUserLocation.h */,
				32A584CC180F8DB6005C41B5 /* BMKVersion.h */,
			);
			path = inc;
			sourceTree = "<group>";
		};
		32DEF0FA1808DDB1005A9D83 = {
			isa = PBXGroup;
			children = (
				32A58456180F8DA8005C41B5 /* baidu */,
				32DEF10C1808DDB1005A9D83 /* MapDots */,
				32DEF1311808DDB1005A9D83 /* MapDotsTests */,
				32DEF1051808DDB1005A9D83 /* Frameworks */,
				32DEF1041808DDB1005A9D83 /* Products */,
			);
			sourceTree = "<group>";
		};
		32DEF1041808DDB1005A9D83 /* Products */ = {
			isa = PBXGroup;
			children = (
				32DEF1031808DDB1005A9D83 /* MapDots.app */,
				32DEF12A1808DDB1005A9D83 /* MapDotsTests.xctest */,
			);
			name = Products;
			sourceTree = "<group>";
		};
		32DEF1051808DDB1005A9D83 /* Frameworks */ = {
			isa = PBXGroup;
			children = (
				32F6F5D81810CAE300E34342 /* Security.framework */,
				3205ADD9180CD745000987F3 /* SystemConfiguration.framework */,
				3205ADD7180CD739000987F3 /* OpenGLES.framework */,
				3205ADD5180CD733000987F3 /* QuartzCore.framework */,
				3205ADD3180CD726000987F3 /* CoreLocation.framework */,
				32DEF1061808DDB1005A9D83 /* Foundation.framework */,
				32DEF1081808DDB1005A9D83 /* CoreGraphics.framework */,
				32DEF10A1808DDB1005A9D83 /* UIKit.framework */,
				32DEF12B1808DDB1005A9D83 /* XCTest.framework */,
			);
			name = Frameworks;
			sourceTree = "<group>";
		};
		32DEF10C1808DDB1005A9D83 /* MapDots */ = {
			isa = PBXGroup;
			children = (
				32F6F5D71810CA7E00E34342 /* APIKey.h */,
				32A584D2180F938B005C41B5 /* EventsViewController.m */,
				32A584D3180F938B005C41B5 /* EventsViewController.h */,
				3205ADD0180CD2BC000987F3 /* PlaceAnnotation.h */,
				3205ADD1180CD2BC000987F3 /* PlaceAnnotation.m */,
				32DEF18418094F92005A9D83 /* AboutViewController.m */,
				32DEF18518094F92005A9D83 /* AboutViewController.h */,
				32DEF18118094F5D005A9D83 /* UserProperty.m */,
				32DEF18218094F5D005A9D83 /* UserProperty.h */,
				32DEF17218094ED4005A9D83 /* PreferencesViewController.m */,
				32DEF17318094ED4005A9D83 /* EditStatusViewController.m */,
				32DEF17418094ED4005A9D83 /* EditStatusViewController.h */,
				32DEF17518094ED4005A9D83 /* EditSexViewController.m */,
				32DEF17618094ED4005A9D83 /* EditNameViewController.m */,
				32DEF17718094ED4005A9D83 /* EditNameViewController.h */,
				32DEF17818094ED4005A9D83 /* EditSexViewController.h */,
				32DEF17918094ED4005A9D83 /* EditPreferencesViewController.m */,
				32DEF17A18094ED4005A9D83 /* EditPreferencesViewController.h */,
				32DEF17B18094ED4005A9D83 /* PreferencesViewController.h */,
				32DEF16E18094846005A9D83 /* 追踪_.png */,
				32DEF16F18094846005A9D83 /* 导航_.png */,
				32DEF16A18092F6B005A9D83 /* button_right_nor.png */,
				32DEF16B18092F6B005A9D83 /* 追踪.png */,
				32DEF16418092511005A9D83 /* 跳转符.png */,
				32DEF16518092511005A9D83 /* 框_设置.png */,
				32DEF16618092511005A9D83 /* 设置.png */,
				32DEF1601809240B005A9D83 /* 框_话题.png */,
				32DEF1611809240B005A9D83 /* 话题标记点.png */,
				32DEF15C180923A1005A9D83 /* button_left_press.png */,
				32DEF15D180923A1005A9D83 /* button_left_nor.png */,
				32DEF1581808FC55005A9D83 /* 导航条标记.png */,
				32DEF1561808F825005A9D83 /* 头像.png */,
				32DEF1501808E964005A9D83 /* bg1.png */,
				32DEF1511808E964005A9D83 /* 分割线.png */,
				32DEF1521808E964005A9D83 /* 日历.png */,
				32DEF1481808E8B5005A9D83 /* 话题_select.png */,
				32DEF1491808E8B5005A9D83 /* 我_select.png */,
				32DEF14A1808E8B5005A9D83 /* 追踪_select.png */,
				32DEF14B1808E8B5005A9D83 /* 首页_select.png */,
				32DEF1461808E1A2005A9D83 /* 导航_select.png */,
				32DEF1441808E117005A9D83 /* 导航.png */,
				32DEF15A18090D3D005A9D83 /* Todo.strings */,
				32DEF1411808DF5B005A9D83 /* HomeViewController.m */,
				32DEF1421808DF5B005A9D83 /* HomeViewController.h */,
				32DEF1151808DDB1005A9D83 /* AppDelegate.h */,
				32DEF1161808DDB1005A9D83 /* AppDelegate.m */,
				32DEF11E1808DDB1005A9D83 /* FirstViewController.h */,
				32DEF11F1808DDB1005A9D83 /* FirstViewController.m */,
				32DEF1211808DDB1005A9D83 /* SecondViewController.h */,
				32DEF1221808DDB1005A9D83 /* SecondViewController.m */,
				32DEF1241808DDB1005A9D83 /* Images.xcassets */,
				32DEF10D1808DDB1005A9D83 /* Supporting Files */,
			);
			path = MapDots;
			sourceTree = "<group>";
		};
		32DEF10D1808DDB1005A9D83 /* Supporting Files */ = {
			isa = PBXGroup;
			children = (
				32DEF10E1808DDB1005A9D83 /* MapDots-Info.plist */,
				32DEF10F1808DDB1005A9D83 /* InfoPlist.strings */,
				32DEF1121808DDB1005A9D83 /* main.m */,
				32DEF1141808DDB1005A9D83 /* MapDots-Prefix.pch */,
			);
			name = "Supporting Files";
			sourceTree = "<group>";
		};
		32DEF1311808DDB1005A9D83 /* MapDotsTests */ = {
			isa = PBXGroup;
			children = (
				32DEF1371808DDB1005A9D83 /* MapDotsTests.m */,
				32DEF1321808DDB1005A9D83 /* Supporting Files */,
			);
			path = MapDotsTests;
			sourceTree = "<group>";
		};
		32DEF1321808DDB1005A9D83 /* Supporting Files */ = {
			isa = PBXGroup;
			children = (
				32DEF1331808DDB1005A9D83 /* MapDotsTests-Info.plist */,
				32DEF1341808DDB1005A9D83 /* InfoPlist.strings */,
			);
			name = "Supporting Files";
			sourceTree = "<group>";
		};
/* End PBXGroup section */

/* Begin PBXNativeTarget section */
		32DEF1021808DDB1005A9D83 /* MapDots */ = {
			isa = PBXNativeTarget;
			buildConfigurationList = 32DEF13B1808DDB1005A9D83 /* Build configuration list for PBXNativeTarget "MapDots" */;
			buildPhases = (
				32DEF0FF1808DDB1005A9D83 /* Sources */,
				32DEF1001808DDB1005A9D83 /* Frameworks */,
				32DEF1011808DDB1005A9D83 /* Resources */,
			);
			buildRules = (
			);
			dependencies = (
			);
			name = MapDots;
			productName = MapDots;
			productReference = 32DEF1031808DDB1005A9D83 /* MapDots.app */;
			productType = "com.apple.product-type.application";
		};
		32DEF1291808DDB1005A9D83 /* MapDotsTests */ = {
			isa = PBXNativeTarget;
			buildConfigurationList = 32DEF13E1808DDB1005A9D83 /* Build configuration list for PBXNativeTarget "MapDotsTests" */;
			buildPhases = (
				32DEF1261808DDB1005A9D83 /* Sources */,
				32DEF1271808DDB1005A9D83 /* Frameworks */,
				32DEF1281808DDB1005A9D83 /* Resources */,
			);
			buildRules = (
			);
			dependencies = (
				32DEF1301808DDB1005A9D83 /* PBXTargetDependency */,
			);
			name = MapDotsTests;
			productName = MapDotsTests;
			productReference = 32DEF12A1808DDB1005A9D83 /* MapDotsTests.xctest */;
			productType = "com.apple.product-type.bundle.unit-test";
		};
/* End PBXNativeTarget section */

/* Begin PBXProject section */
		32DEF0FB1808DDB1005A9D83 /* Project object */ = {
			isa = PBXProject;
			attributes = {
				LastUpgradeCheck = 0500;
				ORGANIZATIONNAME = chenwei;
				TargetAttributes = {
					32DEF1021808DDB1005A9D83 = {
						DevelopmentTeam = E53HR9QLRE;
					};
					32DEF1291808DDB1005A9D83 = {
						TestTargetID = 32DEF1021808DDB1005A9D83;
					};
				};
			};
			buildConfigurationList = 32DEF0FE1808DDB1005A9D83 /* Build configuration list for PBXProject "MapDots" */;
			compatibilityVersion = "Xcode 3.2";
			developmentRegion = English;
			hasScannedForEncodings = 0;
			knownRegions = (
				en,
				Base,
			);
			mainGroup = 32DEF0FA1808DDB1005A9D83;
			productRefGroup = 32DEF1041808DDB1005A9D83 /* Products */;
			projectDirPath = "";
			projectRoot = "";
			targets = (
				32DEF1021808DDB1005A9D83 /* MapDots */,
				32DEF1291808DDB1005A9D83 /* MapDotsTests */,
			);
		};
/* End PBXProject section */

/* Begin PBXResourcesBuildPhase section */
		32DEF1011808DDB1005A9D83 /* Resources */ = {
			isa = PBXResourcesBuildPhase;
			buildActionMask = 2147483647;
			files = (
				32DEF17018094846005A9D83 /* 追踪_.png in Resources */,
				32DEF14C1808E8B5005A9D83 /* 话题_select.png in Resources */,
				32DEF15E180923A1005A9D83 /* button_left_press.png in Resources */,
				32DEF1541808E964005A9D83 /* 分割线.png in Resources */,
				32DEF1251808DDB1005A9D83 /* Images.xcassets in Resources */,
				32DEF1551808E964005A9D83 /* 日历.png in Resources */,
				32DEF14F1808E8B5005A9D83 /* 首页_select.png in Resources */,
				32DEF1531808E964005A9D83 /* bg1.png in Resources */,
				32DEF16718092511005A9D83 /* 跳转符.png in Resources */,
				32DEF1591808FC55005A9D83 /* 导航条标记.png in Resources */,
				32DEF1621809240B005A9D83 /* 框_话题.png in Resources */,
				32DEF16D18092F6B005A9D83 /* 追踪.png in Resources */,
				32A584D1180F8DB6005C41B5 /* mapapi.bundle in Resources */,
				32DEF1471808E1A2005A9D83 /* 导航_select.png in Resources */,
				32DEF15B18090D3D005A9D83 /* Todo.strings in Resources */,
				32DEF17118094846005A9D83 /* 导航_.png in Resources */,
				32DEF16918092511005A9D83 /* 设置.png in Resources */,
				32DEF15F180923A1005A9D83 /* button_left_nor.png in Resources */,
				32DEF14E1808E8B5005A9D83 /* 追踪_select.png in Resources */,
				32DEF1571808F825005A9D83 /* 头像.png in Resources */,
				32DEF16C18092F6B005A9D83 /* button_right_nor.png in Resources */,
				32DEF14D1808E8B5005A9D83 /* 我_select.png in Resources */,
				32DEF16818092511005A9D83 /* 框_设置.png in Resources */,
				32DEF1631809240B005A9D83 /* 话题标记点.png in Resources */,
				32DEF1451808E117005A9D83 /* 导航.png in Resources */,
				32DEF1111808DDB1005A9D83 /* InfoPlist.strings in Resources */,
			);
			runOnlyForDeploymentPostprocessing = 0;
		};
		32DEF1281808DDB1005A9D83 /* Resources */ = {
			isa = PBXResourcesBuildPhase;
			buildActionMask = 2147483647;
			files = (
				32DEF1361808DDB1005A9D83 /* InfoPlist.strings in Resources */,
			);
			runOnlyForDeploymentPostprocessing = 0;
		};
/* End PBXResourcesBuildPhase section */

/* Begin PBXSourcesBuildPhase section */
		32DEF0FF1808DDB1005A9D83 /* Sources */ = {
			isa = PBXSourcesBuildPhase;
			buildActionMask = 2147483647;
			files = (
				32DEF1231808DDB1005A9D83 /* SecondViewController.m in Sources */,
				32DEF1171808DDB1005A9D83 /* AppDelegate.m in Sources */,
				32DEF1201808DDB1005A9D83 /* FirstViewController.m in Sources */,
				32A584D4180F938B005C41B5 /* EventsViewController.m in Sources */,
				32DEF17C18094ED4005A9D83 /* PreferencesViewController.m in Sources */,
				32DEF1431808DF5B005A9D83 /* HomeViewController.m in Sources */,
				32DEF17D18094ED4005A9D83 /* EditStatusViewController.m in Sources */,
				32DEF18618094F92005A9D83 /* AboutViewController.m in Sources */,
				32DEF1131808DDB1005A9D83 /* main.m in Sources */,
				32DEF17F18094ED4005A9D83 /* EditNameViewController.m in Sources */,
				32DEF17E18094ED4005A9D83 /* EditSexViewController.m in Sources */,
				32DEF18318094F5D005A9D83 /* UserProperty.m in Sources */,
				3205ADD2180CD2BC000987F3 /* PlaceAnnotation.m in Sources */,
				32DEF18018094ED4005A9D83 /* EditPreferencesViewController.m in Sources */,
			);
			runOnlyForDeploymentPostprocessing = 0;
		};
		32DEF1261808DDB1005A9D83 /* Sources */ = {
			isa = PBXSourcesBuildPhase;
			buildActionMask = 2147483647;
			files = (
				32DEF1381808DDB1005A9D83 /* MapDotsTests.m in Sources */,
			);
			runOnlyForDeploymentPostprocessing = 0;
		};
/* End PBXSourcesBuildPhase section */

/* Begin PBXTargetDependency section */
		32DEF1301808DDB1005A9D83 /* PBXTargetDependency */ = {
			isa = PBXTargetDependency;
			target = 32DEF1021808DDB1005A9D83 /* MapDots */;
			targetProxy = 32DEF12F1808DDB1005A9D83 /* PBXContainerItemProxy */;
		};
/* End PBXTargetDependency section */

/* Begin PBXVariantGroup section */
		32DEF10F1808DDB1005A9D83 /* InfoPlist.strings */ = {
			isa = PBXVariantGroup;
			children = (
				32DEF1101808DDB1005A9D83 /* en */,
			);
			name = InfoPlist.strings;
			sourceTree = "<group>";
		};
		32DEF1341808DDB1005A9D83 /* InfoPlist.strings */ = {
			isa = PBXVariantGroup;
			children = (
				32DEF1351808DDB1005A9D83 /* en */,
			);
			name = InfoPlist.strings;
			sourceTree = "<group>";
		};
/* End PBXVariantGroup section */

/* Begin XCBuildConfiguration section */
		32DEF1391808DDB1005A9D83 /* Debug */ = {
			isa = XCBuildConfiguration;
			buildSettings = {
				ALWAYS_SEARCH_USER_PATHS = NO;
				ARCHS = "$(ARCHS_STANDARD_INCLUDING_64_BIT)";
				CLANG_CXX_LANGUAGE_STANDARD = "gnu++0x";
				CLANG_CXX_LIBRARY = "libc++";
				CLANG_ENABLE_MODULES = YES;
				CLANG_ENABLE_OBJC_ARC = YES;
				CLANG_WARN_BOOL_CONVERSION = YES;
				CLANG_WARN_CONSTANT_CONVERSION = YES;
				CLANG_WARN_DIRECT_OBJC_ISA_USAGE = YES_ERROR;
				CLANG_WARN_EMPTY_BODY = YES;
				CLANG_WARN_ENUM_CONVERSION = YES;
				CLANG_WARN_INT_CONVERSION = YES;
				CLANG_WARN_OBJC_ROOT_CLASS = YES_ERROR;
				CLANG_WARN__DUPLICATE_METHOD_MATCH = YES;
				CODE_SIGN_IDENTITY = "iPhone Developer";
				"CODE_SIGN_IDENTITY[sdk=iphoneos*]" = "iPhone Developer";
				COPY_PHASE_STRIP = NO;
				GCC_C_LANGUAGE_STANDARD = gnu99;
				GCC_DYNAMIC_NO_PIC = NO;
				GCC_OPTIMIZATION_LEVEL = 0;
				GCC_PREPROCESSOR_DEFINITIONS = (
					"DEBUG=1",
					"$(inherited)",
				);
				GCC_SYMBOLS_PRIVATE_EXTERN = NO;
				GCC_WARN_64_TO_32_BIT_CONVERSION = YES;
				GCC_WARN_ABOUT_RETURN_TYPE = YES_ERROR;
				GCC_WARN_UNDECLARED_SELECTOR = YES;
				GCC_WARN_UNINITIALIZED_AUTOS = YES;
				GCC_WARN_UNUSED_FUNCTION = YES;
				GCC_WARN_UNUSED_VARIABLE = YES;
				IPHONEOS_DEPLOYMENT_TARGET = 6.0;
				LIBRARY_SEARCH_PATHS = "$(SRCROOT)";
				ONLY_ACTIVE_ARCH = NO;
				PROVISIONING_PROFILE = "4081924B-17CB-4240-9B70-E3310E81D413";
				SDKROOT = iphoneos;
				TARGETED_DEVICE_FAMILY = "1,2";
			};
			name = Debug;
		};
		32DEF13A1808DDB1005A9D83 /* Release */ = {
			isa = XCBuildConfiguration;
			buildSettings = {
				ALWAYS_SEARCH_USER_PATHS = NO;
				ARCHS = "$(ARCHS_STANDARD_INCLUDING_64_BIT)";
				CLANG_CXX_LANGUAGE_STANDARD = "gnu++0x";
				CLANG_CXX_LIBRARY = "libc++";
				CLANG_ENABLE_MODULES = YES;
				CLANG_ENABLE_OBJC_ARC = YES;
				CLANG_WARN_BOOL_CONVERSION = YES;
				CLANG_WARN_CONSTANT_CONVERSION = YES;
				CLANG_WARN_DIRECT_OBJC_ISA_USAGE = YES_ERROR;
				CLANG_WARN_EMPTY_BODY = YES;
				CLANG_WARN_ENUM_CONVERSION = YES;
				CLANG_WARN_INT_CONVERSION = YES;
				CLANG_WARN_OBJC_ROOT_CLASS = YES_ERROR;
				CLANG_WARN__DUPLICATE_METHOD_MATCH = YES;
				CODE_SIGN_IDENTITY = "iPhone Developer";
				"CODE_SIGN_IDENTITY[sdk=iphoneos*]" = "iPhone Developer";
				COPY_PHASE_STRIP = YES;
				ENABLE_NS_ASSERTIONS = NO;
				GCC_C_LANGUAGE_STANDARD = gnu99;
				GCC_WARN_64_TO_32_BIT_CONVERSION = YES;
				GCC_WARN_ABOUT_RETURN_TYPE = YES_ERROR;
				GCC_WARN_UNDECLARED_SELECTOR = YES;
				GCC_WARN_UNINITIALIZED_AUTOS = YES;
				GCC_WARN_UNUSED_FUNCTION = YES;
				GCC_WARN_UNUSED_VARIABLE = YES;
				IPHONEOS_DEPLOYMENT_TARGET = 6.0;
				LIBRARY_SEARCH_PATHS = "$(SRCROOT)";
				ONLY_ACTIVE_ARCH = NO;
				PROVISIONING_PROFILE = "4081924B-17CB-4240-9B70-E3310E81D413";
				SDKROOT = iphoneos;
				TARGETED_DEVICE_FAMILY = "1,2";
				VALIDATE_PRODUCT = YES;
			};
			name = Release;
		};
		32DEF13C1808DDB1005A9D83 /* Debug */ = {
			isa = XCBuildConfiguration;
			buildSettings = {
				ARCHS = "$(ARCHS_STANDARD)";
				ASSETCATALOG_COMPILER_APPICON_NAME = AppIcon;
				ASSETCATALOG_COMPILER_LAUNCHIMAGE_NAME = LaunchImage;
				CODE_SIGN_IDENTITY = "iPhone Developer";
				FRAMEWORK_SEARCH_PATHS = "";
				GCC_INPUT_FILETYPE = sourcecode.cpp.objcpp;
				GCC_PRECOMPILE_PREFIX_HEADER = YES;
				GCC_PREFIX_HEADER = "MapDots/MapDots-Prefix.pch";
				HEADER_SEARCH_PATHS = (
					"$(inherited)",
					/Applications/Xcode.app/Contents/Developer/Toolchains/XcodeDefault.xctoolchain/usr/include,
					"$(SRCROOT)/inc",
				);
				INFOPLIST_FILE = "MapDots/MapDots-Info.plist";
				LIBRARY_SEARCH_PATHS = "$(SRCROOT)/baidu/libs/Release$(EFFECTIVE_PLATFORM_NAME)";
				ONLY_ACTIVE_ARCH = NO;
				OTHER_LDFLAGS = "-ObjC";
				PRODUCT_NAME = "$(TARGET_NAME)";
				VALID_ARCHS = "armv7 arm64";
				WRAPPER_EXTENSION = app;
			};
			name = Debug;
		};
		32DEF13D1808DDB1005A9D83 /* Release */ = {
			isa = XCBuildConfiguration;
			buildSettings = {
				ARCHS = "$(ARCHS_STANDARD)";
				ASSETCATALOG_COMPILER_APPICON_NAME = AppIcon;
				ASSETCATALOG_COMPILER_LAUNCHIMAGE_NAME = LaunchImage;
				CODE_SIGN_IDENTITY = "iPhone Developer";
				FRAMEWORK_SEARCH_PATHS = "";
				GCC_INPUT_FILETYPE = sourcecode.cpp.objcpp;
				GCC_PRECOMPILE_PREFIX_HEADER = YES;
				GCC_PREFIX_HEADER = "MapDots/MapDots-Prefix.pch";
				HEADER_SEARCH_PATHS = (
					"$(inherited)",
					/Applications/Xcode.app/Contents/Developer/Toolchains/XcodeDefault.xctoolchain/usr/include,
					"$(SRCROOT)/inc",
				);
				INFOPLIST_FILE = "MapDots/MapDots-Info.plist";
				LIBRARY_SEARCH_PATHS = "$(SRCROOT)/baidu/libs/Release$(EFFECTIVE_PLATFORM_NAME)";
				ONLY_ACTIVE_ARCH = NO;
				OTHER_LDFLAGS = "-ObjC";
				PRODUCT_NAME = "$(TARGET_NAME)";
				VALID_ARCHS = "armv7 arm64";
				WRAPPER_EXTENSION = app;
			};
			name = Release;
		};
		32DEF13F1808DDB1005A9D83 /* Debug */ = {
			isa = XCBuildConfiguration;
			buildSettings = {
				ARCHS = "$(ARCHS_STANDARD_INCLUDING_64_BIT)";
				BUNDLE_LOADER = "$(BUILT_PRODUCTS_DIR)/MapDots.app/MapDots";
				FRAMEWORK_SEARCH_PATHS = (
					"$(SDKROOT)/Developer/Library/Frameworks",
					"$(inherited)",
					"$(DEVELOPER_FRAMEWORKS_DIR)",
				);
				GCC_PRECOMPILE_PREFIX_HEADER = YES;
				GCC_PREFIX_HEADER = "MapDots/MapDots-Prefix.pch";
				GCC_PREPROCESSOR_DEFINITIONS = (
					"DEBUG=1",
					"$(inherited)",
				);
				INFOPLIST_FILE = "MapDotsTests/MapDotsTests-Info.plist";
				PRODUCT_NAME = "$(TARGET_NAME)";
				TEST_HOST = "$(BUNDLE_LOADER)";
				WRAPPER_EXTENSION = xctest;
			};
			name = Debug;
		};
		32DEF1401808DDB1005A9D83 /* Release */ = {
			isa = XCBuildConfiguration;
			buildSettings = {
				ARCHS = "$(ARCHS_STANDARD_INCLUDING_64_BIT)";
				BUNDLE_LOADER = "$(BUILT_PRODUCTS_DIR)/MapDots.app/MapDots";
				FRAMEWORK_SEARCH_PATHS = (
					"$(SDKROOT)/Developer/Library/Frameworks",
					"$(inherited)",
					"$(DEVELOPER_FRAMEWORKS_DIR)",
				);
				GCC_PRECOMPILE_PREFIX_HEADER = YES;
				GCC_PREFIX_HEADER = "MapDots/MapDots-Prefix.pch";
				INFOPLIST_FILE = "MapDotsTests/MapDotsTests-Info.plist";
				PRODUCT_NAME = "$(TARGET_NAME)";
				TEST_HOST = "$(BUNDLE_LOADER)";
				WRAPPER_EXTENSION = xctest;
			};
			name = Release;
		};
/* End XCBuildConfiguration section */

/* Begin XCConfigurationList section */
		32DEF0FE1808DDB1005A9D83 /* Build configuration list for PBXProject "MapDots" */ = {
			isa = XCConfigurationList;
			buildConfigurations = (
				32DEF1391808DDB1005A9D83 /* Debug */,
				32DEF13A1808DDB1005A9D83 /* Release */,
			);
			defaultConfigurationIsVisible = 0;
			defaultConfigurationName = Release;
		};
		32DEF13B1808DDB1005A9D83 /* Build configuration list for PBXNativeTarget "MapDots" */ = {
			isa = XCConfigurationList;
			buildConfigurations = (
				32DEF13C1808DDB1005A9D83 /* Debug */,
				32DEF13D1808DDB1005A9D83 /* Release */,
			);
			defaultConfigurationIsVisible = 0;
			defaultConfigurationName = Release;
		};
		32DEF13E1808DDB1005A9D83 /* Build configuration list for PBXNativeTarget "MapDotsTests" */ = {
			isa = XCConfigurationList;
			buildConfigurations = (
				32DEF13F1808DDB1005A9D83 /* Debug */,
				32DEF1401808DDB1005A9D83 /* Release */,
			);
			defaultConfigurationIsVisible = 0;
			defaultConfigurationName = Release;
		};
/* End XCConfigurationList section */
	};
	rootObject = 32DEF0FB1808DDB1005A9D83 /* Project object */;
}
